Microsoft Visual Studio Solution File, Format Version 12.00
# Visual Studio Version 17
VisualStudioVersion = 17.6.33723.286
MinimumVisualStudioVersion = 10.0.40219.1
Project("{2150E333-8FDC-42A3-9474-1A3956D46DE8}") = "src", "src", "{02EA681E-C7D8-13C7-8484-4AC65E1B71E8}"
EndProject
Project("{2150E333-8FDC-42A3-9474-1A3956D46DE8}") = "tests", "tests", "{1E21ED11-9D7C-4680-A679-743FD5CE4500}"
EndProject
Project("{2150E333-8FDC-42A3-9474-1A3956D46DE8}") = "docs", "docs", "{3260DD3C-95FF-4C5A-A2A0-8734A8F9EBE3}"
	ProjectSection(SolutionItems) = preProject
		agents.md = agents.md
		instructions\impulse_workflow_overview.md = instructions\impulse_workflow_overview.md
		README.md = README.md
		instructions\workflows.md = instructions\workflows.md
	EndProjectSection
EndProject
Project("{FAE04EC0-301F-11D3-BF4B-00C04F79EFBC}") = "Daisy", "src\Daisy\Daisy.csproj", "{3F381290-C6DA-5C11-55A8-8EEB96AE898E}"
EndProject
Project("{2150E333-8FDC-42A3-9474-1A3956D46DE8}") = "abilities", "abilities", "{75F06B28-2D8E-4D81-A4E2-EDD911007101}"
EndProject
Project("{2150E333-8FDC-42A3-9474-1A3956D46DE8}") = "receivers", "receivers", "{D1553D37-87BF-4C9B-B686-099ADD2EA4D3}"
EndProject
Project("{FAE04EC0-301F-11D3-BF4B-00C04F79EFBC}") = "Daisy.Receivers.Console", "src\Daisy.Receivers\Daisy.Receivers.Console\Daisy.Receivers.Console.csproj", "{59054E04-C7BB-3507-E566-AEB458A412D6}"
EndProject
Project("{FAE04EC0-301F-11D3-BF4B-00C04F79EFBC}") = "Daisy.Receivers.TryMeEvent", "src\Daisy.Receivers\Daisy.Receivers.TryMeEvent\Daisy.Receivers.TryMeEvent.csproj", "{E53FB87E-81C2-48CC-A5B7-A8DB7371CE44}"
EndProject
Project("{2150E333-8FDC-42A3-9474-1A3956D46DE8}") = "transmitters", "transmitters", "{BE348EBD-AB52-4AF8-BF61-B3E05FDA76C5}"
EndProject
Project("{FAE04EC0-301F-11D3-BF4B-00C04F79EFBC}") = "Daisy.Transmitters.Console", "src\Daisy.Transmitters\Daisy.Transmitters.Console\Daisy.Transmitters.Console.csproj", "{C3BC6041-8739-698E-41AD-B130B50832B1}"
EndProject
Project("{FAE04EC0-301F-11D3-BF4B-00C04F79EFBC}") = "Daisy.Resources", "src\Daisy.Resources\Daisy.Resources.csproj", "{F4E92C39-63C0-0530-93D5-CB06F69C6B78}"
EndProject
Project("{FAE04EC0-301F-11D3-BF4B-00C04F79EFBC}") = "Daisy.Factories", "src\Daisy.Factories\Daisy.Factories.csproj", "{790016FC-E980-89ED-FB03-EEAA45452968}"
EndProject
Project("{FAE04EC0-301F-11D3-BF4B-00C04F79EFBC}") = "Daisy.Abilities.Terminate", "src\Daisy.Abilities\Daisy.Abilities.Terminate\Daisy.Abilities.Terminate.csproj", "{9E606C57-8959-FBDD-B970-C526A6D8DB41}"
EndProject
Project("{FAE04EC0-301F-11D3-BF4B-00C04F79EFBC}") = "Daisy.Tests.Extensions", "tests\Daisy.Tests.Extensions\Daisy.Tests.Extensions.csproj", "{D1434E05-37BE-4397-2CBD-0C52D3DB6D5B}"
EndProject
Project("{FAE04EC0-301F-11D3-BF4B-00C04F79EFBC}") = "Daisy.Tests.Factories", "tests\Daisy.Tests.Factories\Daisy.Tests.Factories.csproj", "{62C9E1F2-D255-5A7E-EFBE-E9B036B4C65F}"
	ProjectSection(ProjectDependencies) = postProject
		{3F381290-C6DA-5C11-55A8-8EEB96AE898E} = {3F381290-C6DA-5C11-55A8-8EEB96AE898E}
	EndProjectSection
EndProject
Project("{FAE04EC0-301F-11D3-BF4B-00C04F79EFBC}") = "Daisy.Tests.Receivers", "tests\Daisy.Tests.Receivers\Daisy.Tests.Receivers.csproj", "{86EBEB28-0D2E-4495-A531-105EBCD0FDEE}"
EndProject
Project("{2150E333-8FDC-42A3-9474-1A3956D46DE8}") = "workflows", "workflows", "{A595291C-D5C9-427B-B25F-A64484C7B9A1}"
EndProject
Project("{FAE04EC0-301F-11D3-BF4B-00C04F79EFBC}") = "Daisy.Workflows.Starter", "src\Daisy.Workflows\Daisy.Workflows.Starter\Daisy.Workflows.Starter.csproj", "{53CC1CDB-A620-DE5E-B9BE-E82CCB5A8EA5}"
EndProject
Project("{FAE04EC0-301F-11D3-BF4B-00C04F79EFBC}") = "Daisy.Workflows.TryMe", "src\Daisy.Workflows\Daisy.Workflows.TryMe\Daisy.Workflows.TryMe.csproj", "{AD1B5EA2-1A0E-4512-8B7C-72F246F1E56A}"
EndProject
Project("{FAE04EC0-301F-11D3-BF4B-00C04F79EFBC}") = "Daisy.Abilities.OutputValidator", "src\Daisy.Abilities\Daisy.Abilities.OutputValidator\Daisy.Abilities.OutputValidator.csproj", "{E3C00D10-0089-D40D-B3F6-9D0C137C2B73}"
EndProject
Project("{FAE04EC0-301F-11D3-BF4B-00C04F79EFBC}") = "Daisy.Abilities.ConsoleStart", "src\Daisy.Abilities\Daisy.Abilities.ConsoleStart\Daisy.Abilities.ConsoleStart.csproj", "{E46ED649-F17C-6323-4DC8-BFB7A8EB3AE8}"
EndProject
Project("{FAE04EC0-301F-11D3-BF4B-00C04F79EFBC}") = "Daisy.Abilities.Weather", "src\Daisy.Abilities\Daisy.Abilities.Weather\Daisy.Abilities.Weather.csproj", "{AFDFAC74-A222-86E6-32BC-8359EE2B9024}"
EndProject
Global
	GlobalSection(SolutionConfigurationPlatforms) = preSolution
		Debug|Any CPU = Debug|Any CPU
		Release|Any CPU = Release|Any CPU
	EndGlobalSection
	GlobalSection(ProjectConfigurationPlatforms) = postSolution
		{3F381290-C6DA-5C11-55A8-8EEB96AE898E}.Debug|Any CPU.ActiveCfg = Debug|Any CPU
		{3F381290-C6DA-5C11-55A8-8EEB96AE898E}.Debug|Any CPU.Build.0 = Debug|Any CPU
		{3F381290-C6DA-5C11-55A8-8EEB96AE898E}.Release|Any CPU.ActiveCfg = Release|Any CPU
		{3F381290-C6DA-5C11-55A8-8EEB96AE898E}.Release|Any CPU.Build.0 = Release|Any CPU
		{59054E04-C7BB-3507-E566-AEB458A412D6}.Debug|Any CPU.ActiveCfg = Debug|Any CPU
		{59054E04-C7BB-3507-E566-AEB458A412D6}.Debug|Any CPU.Build.0 = Debug|Any CPU
		{59054E04-C7BB-3507-E566-AEB458A412D6}.Release|Any CPU.ActiveCfg = Release|Any CPU
		{59054E04-C7BB-3507-E566-AEB458A412D6}.Release|Any CPU.Build.0 = Release|Any CPU
		{E53FB87E-81C2-48CC-A5B7-A8DB7371CE44}.Debug|Any CPU.ActiveCfg = Debug|Any CPU
		{E53FB87E-81C2-48CC-A5B7-A8DB7371CE44}.Debug|Any CPU.Build.0 = Debug|Any CPU
		{E53FB87E-81C2-48CC-A5B7-A8DB7371CE44}.Release|Any CPU.ActiveCfg = Release|Any CPU
		{E53FB87E-81C2-48CC-A5B7-A8DB7371CE44}.Release|Any CPU.Build.0 = Release|Any CPU
		{C3BC6041-8739-698E-41AD-B130B50832B1}.Debug|Any CPU.ActiveCfg = Debug|Any CPU
		{C3BC6041-8739-698E-41AD-B130B50832B1}.Debug|Any CPU.Build.0 = Debug|Any CPU
		{C3BC6041-8739-698E-41AD-B130B50832B1}.Release|Any CPU.ActiveCfg = Release|Any CPU
		{C3BC6041-8739-698E-41AD-B130B50832B1}.Release|Any CPU.Build.0 = Release|Any CPU
		{F4E92C39-63C0-0530-93D5-CB06F69C6B78}.Debug|Any CPU.ActiveCfg = Debug|Any CPU
		{F4E92C39-63C0-0530-93D5-CB06F69C6B78}.Debug|Any CPU.Build.0 = Debug|Any CPU
		{F4E92C39-63C0-0530-93D5-CB06F69C6B78}.Release|Any CPU.ActiveCfg = Release|Any CPU
		{F4E92C39-63C0-0530-93D5-CB06F69C6B78}.Release|Any CPU.Build.0 = Release|Any CPU
		{790016FC-E980-89ED-FB03-EEAA45452968}.Debug|Any CPU.ActiveCfg = Debug|Any CPU
		{790016FC-E980-89ED-FB03-EEAA45452968}.Debug|Any CPU.Build.0 = Debug|Any CPU
		{790016FC-E980-89ED-FB03-EEAA45452968}.Release|Any CPU.ActiveCfg = Release|Any CPU
		{790016FC-E980-89ED-FB03-EEAA45452968}.Release|Any CPU.Build.0 = Release|Any CPU
		{9E606C57-8959-FBDD-B970-C526A6D8DB41}.Debug|Any CPU.ActiveCfg = Debug|Any CPU
		{9E606C57-8959-FBDD-B970-C526A6D8DB41}.Debug|Any CPU.Build.0 = Debug|Any CPU
		{9E606C57-8959-FBDD-B970-C526A6D8DB41}.Release|Any CPU.ActiveCfg = Release|Any CPU
		{9E606C57-8959-FBDD-B970-C526A6D8DB41}.Release|Any CPU.Build.0 = Release|Any CPU
		{D1434E05-37BE-4397-2CBD-0C52D3DB6D5B}.Debug|Any CPU.ActiveCfg = Debug|Any CPU
		{D1434E05-37BE-4397-2CBD-0C52D3DB6D5B}.Debug|Any CPU.Build.0 = Debug|Any CPU
		{D1434E05-37BE-4397-2CBD-0C52D3DB6D5B}.Release|Any CPU.ActiveCfg = Release|Any CPU
		{D1434E05-37BE-4397-2CBD-0C52D3DB6D5B}.Release|Any CPU.Build.0 = Release|Any CPU
		{62C9E1F2-D255-5A7E-EFBE-E9B036B4C65F}.Debug|Any CPU.ActiveCfg = Debug|Any CPU
		{62C9E1F2-D255-5A7E-EFBE-E9B036B4C65F}.Debug|Any CPU.Build.0 = Debug|Any CPU
		{62C9E1F2-D255-5A7E-EFBE-E9B036B4C65F}.Release|Any CPU.ActiveCfg = Release|Any CPU
		{62C9E1F2-D255-5A7E-EFBE-E9B036B4C65F}.Release|Any CPU.Build.0 = Release|Any CPU
		{86EBEB28-0D2E-4495-A531-105EBCD0FDEE}.Debug|Any CPU.ActiveCfg = Debug|Any CPU
		{86EBEB28-0D2E-4495-A531-105EBCD0FDEE}.Debug|Any CPU.Build.0 = Debug|Any CPU
		{86EBEB28-0D2E-4495-A531-105EBCD0FDEE}.Release|Any CPU.ActiveCfg = Release|Any CPU
		{86EBEB28-0D2E-4495-A531-105EBCD0FDEE}.Release|Any CPU.Build.0 = Release|Any CPU
		{53CC1CDB-A620-DE5E-B9BE-E82CCB5A8EA5}.Debug|Any CPU.ActiveCfg = Debug|Any CPU
		{53CC1CDB-A620-DE5E-B9BE-E82CCB5A8EA5}.Debug|Any CPU.Build.0 = Debug|Any CPU
		{53CC1CDB-A620-DE5E-B9BE-E82CCB5A8EA5}.Release|Any CPU.ActiveCfg = Release|Any CPU
		{53CC1CDB-A620-DE5E-B9BE-E82CCB5A8EA5}.Release|Any CPU.Build.0 = Release|Any CPU
		{AD1B5EA2-1A0E-4512-8B7C-72F246F1E56A}.Debug|Any CPU.ActiveCfg = Debug|Any CPU
		{AD1B5EA2-1A0E-4512-8B7C-72F246F1E56A}.Debug|Any CPU.Build.0 = Debug|Any CPU
		{AD1B5EA2-1A0E-4512-8B7C-72F246F1E56A}.Release|Any CPU.ActiveCfg = Release|Any CPU
		{AD1B5EA2-1A0E-4512-8B7C-72F246F1E56A}.Release|Any CPU.Build.0 = Release|Any CPU
		{E3C00D10-0089-D40D-B3F6-9D0C137C2B73}.Debug|Any CPU.ActiveCfg = Debug|Any CPU
		{E3C00D10-0089-D40D-B3F6-9D0C137C2B73}.Debug|Any CPU.Build.0 = Debug|Any CPU
		{E3C00D10-0089-D40D-B3F6-9D0C137C2B73}.Release|Any CPU.ActiveCfg = Release|Any CPU
		{E3C00D10-0089-D40D-B3F6-9D0C137C2B73}.Release|Any CPU.Build.0 = Release|Any CPU
		{E46ED649-F17C-6323-4DC8-BFB7A8EB3AE8}.Debug|Any CPU.ActiveCfg = Debug|Any CPU
		{E46ED649-F17C-6323-4DC8-BFB7A8EB3AE8}.Debug|Any CPU.Build.0 = Debug|Any CPU
		{E46ED649-F17C-6323-4DC8-BFB7A8EB3AE8}.Release|Any CPU.ActiveCfg = Release|Any CPU
		{E46ED649-F17C-6323-4DC8-BFB7A8EB3AE8}.Release|Any CPU.Build.0 = Release|Any CPU
		{AFDFAC74-A222-86E6-32BC-8359EE2B9024}.Debug|Any CPU.ActiveCfg = Debug|Any CPU
		{AFDFAC74-A222-86E6-32BC-8359EE2B9024}.Debug|Any CPU.Build.0 = Debug|Any CPU
		{AFDFAC74-A222-86E6-32BC-8359EE2B9024}.Release|Any CPU.ActiveCfg = Release|Any CPU
		{AFDFAC74-A222-86E6-32BC-8359EE2B9024}.Release|Any CPU.Build.0 = Release|Any CPU
	EndGlobalSection
	GlobalSection(SolutionProperties) = preSolution
		HideSolutionNode = FALSE
	EndGlobalSection
	GlobalSection(NestedProjects) = preSolution
		{3F381290-C6DA-5C11-55A8-8EEB96AE898E} = {02EA681E-C7D8-13C7-8484-4AC65E1B71E8}
		{75F06B28-2D8E-4D81-A4E2-EDD911007101} = {02EA681E-C7D8-13C7-8484-4AC65E1B71E8}
		{D1553D37-87BF-4C9B-B686-099ADD2EA4D3} = {02EA681E-C7D8-13C7-8484-4AC65E1B71E8}
		{59054E04-C7BB-3507-E566-AEB458A412D6} = {D1553D37-87BF-4C9B-B686-099ADD2EA4D3}
		{E53FB87E-81C2-48CC-A5B7-A8DB7371CE44} = {D1553D37-87BF-4C9B-B686-099ADD2EA4D3}
		{BE348EBD-AB52-4AF8-BF61-B3E05FDA76C5} = {02EA681E-C7D8-13C7-8484-4AC65E1B71E8}
		{C3BC6041-8739-698E-41AD-B130B50832B1} = {BE348EBD-AB52-4AF8-BF61-B3E05FDA76C5}
		{F4E92C39-63C0-0530-93D5-CB06F69C6B78} = {02EA681E-C7D8-13C7-8484-4AC65E1B71E8}
		{790016FC-E980-89ED-FB03-EEAA45452968} = {02EA681E-C7D8-13C7-8484-4AC65E1B71E8}
		{9E606C57-8959-FBDD-B970-C526A6D8DB41} = {75F06B28-2D8E-4D81-A4E2-EDD911007101}
		{D1434E05-37BE-4397-2CBD-0C52D3DB6D5B} = {1E21ED11-9D7C-4680-A679-743FD5CE4500}
		{62C9E1F2-D255-5A7E-EFBE-E9B036B4C65F} = {1E21ED11-9D7C-4680-A679-743FD5CE4500}
		{86EBEB28-0D2E-4495-A531-105EBCD0FDEE} = {1E21ED11-9D7C-4680-A679-743FD5CE4500}
		{A595291C-D5C9-427B-B25F-A64484C7B9A1} = {02EA681E-C7D8-13C7-8484-4AC65E1B71E8}
		{53CC1CDB-A620-DE5E-B9BE-E82CCB5A8EA5} = {A595291C-D5C9-427B-B25F-A64484C7B9A1}
		{AD1B5EA2-1A0E-4512-8B7C-72F246F1E56A} = {A595291C-D5C9-427B-B25F-A64484C7B9A1}
		{E3C00D10-0089-D40D-B3F6-9D0C137C2B73} = {75F06B28-2D8E-4D81-A4E2-EDD911007101}
		{E46ED649-F17C-6323-4DC8-BFB7A8EB3AE8} = {75F06B28-2D8E-4D81-A4E2-EDD911007101}
		{AFDFAC74-A222-86E6-32BC-8359EE2B9024} = {75F06B28-2D8E-4D81-A4E2-EDD911007101}
	EndGlobalSection
	GlobalSection(ExtensibilityGlobals) = postSolution
		        SolutionGuid = "B38FD6B0-1FEF-445A-9DE2-E88316E1FF0E"
		SolutionGuid = {6CE73F47-9022-4481-A576-2D8C495804BD}
	EndGlobalSection
EndGlobal
