
Microsoft Visual Studio Solution File, Format Version 12.00
# Visual Studio Version 17
VisualStudioVersion = 17.6.33723.286
MinimumVisualStudioVersion = 10.0.40219.1
Project("{2150E333-8FDC-42A3-9474-1A3956D46DE8}") = "src", "src", "{02EA681E-C7D8-13C7-8484-4AC65E1B71E8}"
EndProject
Project("{2150E333-8FDC-42A3-9474-1A3956D46DE8}") = "tests", "tests", "{1E21ED11-9D7C-4680-A679-743FD5CE4500}"
EndProject
Project("{2150E333-8FDC-42A3-9474-1A3956D46DE8}") = "docs", "docs", "{3260DD3C-95FF-4C5A-A2A0-8734A8F9EBE3}"
	ProjectSection(SolutionItems) = preProject
		agents.md = agents.md
		instructions\engine_design.md = instructions\engine_design.md
		README.md = README.md
		instructions\workflows.md = instructions\workflows.md
	EndProjectSection
EndProject
Project("{FAE04EC0-301F-11D3-BF4B-00C04F79EFBC}") = "Daisy", "src\Daisy\Daisy.csproj", "{3F381290-C6DA-5C11-55A8-8EEB96AE898E}"
EndProject
Project("{2150E333-8FDC-42A3-9474-1A3956D46DE8}") = "abilities", "abilities", "{75F06B28-2D8E-4D81-A4E2-EDD911007101}"
EndProject
Project("{2150E333-8FDC-42A3-9474-1A3956D46DE8}") = "receivers", "receivers", "{D1553D37-87BF-4C9B-B686-099ADD2EA4D3}"
EndProject
Project("{FAE04EC0-301F-11D3-BF4B-00C04F79EFBC}") = "Daisy.Receivers.Console", "src\Daisy.Receivers\Daisy.Receivers.Console\Daisy.Receivers.Console.csproj", "{59054E04-C7BB-3507-E566-AEB458A412D6}"
EndProject
Project("{2150E333-8FDC-42A3-9474-1A3956D46DE8}") = "transmitters", "transmitters", "{BE348EBD-AB52-4AF8-BF61-B3E05FDA76C5}"
EndProject
Project("{FAE04EC0-301F-11D3-BF4B-00C04F79EFBC}") = "Daisy.Transmitters.Console", "src\Daisy.Transmitters\Daisy.Transmitters.Console\Daisy.Transmitters.Console.csproj", "{C3BC6041-8739-698E-41AD-B130B50832B1}"
EndProject
Project("{FAE04EC0-301F-11D3-BF4B-00C04F79EFBC}") = "Daisy.Transmitters.WorkflowTrigger", "src\Daisy.Transmitters\Daisy.Transmitters.WorkflowTrigger\Daisy.Transmitters.WorkflowTrigger.csproj", "{00F5B0CB-636B-4543-9D6B-DC75F6125A86}"
EndProject
Project("{FAE04EC0-301F-11D3-BF4B-00C04F79EFBC}") = "Daisy.Resources", "src\Daisy.Resources\Daisy.Resources.csproj", "{F4E92C39-63C0-0530-93D5-CB06F69C6B78}"
EndProject
Project("{FAE04EC0-301F-11D3-BF4B-00C04F79EFBC}") = "Daisy.Factories", "src\Daisy.Factories\Daisy.Factories.csproj", "{790016FC-E980-89ED-FB03-EEAA45452968}"
EndProject
Project("{FAE04EC0-301F-11D3-BF4B-00C04F79EFBC}") = "Daisy.Abilities.Terminate", "src\Daisy.Abilities\Daisy.Abilities.Terminate\Daisy.Abilities.Terminate.csproj", "{9E606C57-8959-FBDD-B970-C526A6D8DB41}"
EndProject
Project("{FAE04EC0-301F-11D3-BF4B-00C04F79EFBC}") = "Daisy.Tests.Extensions", "tests\Daisy.Tests.Extensions\Daisy.Tests.Extensions.csproj", "{D1434E05-37BE-4397-2CBD-0C52D3DB6D5B}"
EndProject
Project("{FAE04EC0-301F-11D3-BF4B-00C04F79EFBC}") = "Daisy.Tests.Factories", "tests\Daisy.Tests.Factories\Daisy.Tests.Factories.csproj", "{62C9E1F2-D255-5A7E-EFBE-E9B036B4C65F}"
	ProjectSection(ProjectDependencies) = postProject
		{3F381290-C6DA-5C11-55A8-8EEB96AE898E} = {3F381290-C6DA-5C11-55A8-8EEB96AE898E}
	EndProjectSection
EndProject
Project("{FAE04EC0-301F-11D3-BF4B-00C04F79EFBC}") = "Daisy.Tests.Receivers", "tests\Daisy.Tests.Receivers\Daisy.Tests.Receivers.csproj", "{86EBEB28-0D2E-4495-A531-105EBCD0FDEE}"
EndProject
Project("{2150E333-8FDC-42A3-9474-1A3956D46DE8}") = "workflows", "workflows", "{A595291C-D5C9-427B-B25F-A64484C7B9A1}"
EndProject
Project("{FAE04EC0-301F-11D3-BF4B-00C04F79EFBC}") = "Daisy.Workflows.Starter", "src\Daisy.Workflows\Daisy.Workflows.Starter\Daisy.Workflows.Starter.csproj", "{53CC1CDB-A620-DE5E-B9BE-E82CCB5A8EA5}"
EndProject
Project("{FAE04EC0-301F-11D3-BF4B-00C04F79EFBC}") = "Daisy.Workflows.Weather", "src\Daisy.Workflows\Daisy.Workflows.Weather\Daisy.Workflows.Weather.csproj", "{AD1B5EA2-1A0E-4512-8B7C-72F246F1E56A}"
EndProject
Project("{FAE04EC0-301F-11D3-BF4B-00C04F79EFBC}") = "Daisy.Workflows.Flights", "src\Daisy.Workflows\Daisy.Workflows.Flights\Daisy.Workflows.Flights.csproj", "{E1B2F3A4-5C6D-7E8F-9A0B-1C2D3E4F5A6B}"
EndProject
Project("{FAE04EC0-301F-11D3-BF4B-00C04F79EFBC}") = "Daisy.Abilities.OutputValidator", "src\Daisy.Abilities\Daisy.Abilities.OutputValidator\Daisy.Abilities.OutputValidator.csproj", "{E3C00D10-0089-D40D-B3F6-9D0C137C2B73}"
EndProject
Project("{FAE04EC0-301F-11D3-BF4B-00C04F79EFBC}") = "Daisy.Abilities.Weather", "src\Daisy.Abilities\Daisy.Abilities.Weather\Daisy.Abilities.Weather.csproj", "{AFDFAC74-A222-86E6-32BC-8359EE2B9024}"
EndProject
Project("{FAE04EC0-301F-11D3-BF4B-00C04F79EFBC}") = "Daisy.Abilities.Flights", "src\Daisy.Abilities\Daisy.Abilities.Flights\Daisy.Abilities.Flights.csproj", "{3B4C5D6E-7F8A-9B0C-1D2E-3F4A5B6C7D8E}"
EndProject
Project("{FAE04EC0-301F-11D3-BF4B-00C04F79EFBC}") = "Daisy.Receivers.WeatherEvent", "src\Daisy.Receivers\Daisy.Receivers.WeatherEvent\Daisy.Receivers.WeatherEvent.csproj", "{15143932-2845-DB44-F19D-5AE9907FF3E9}"
EndProject
Project("{FAE04EC0-301F-11D3-BF4B-00C04F79EFBC}") = "Daisy.Receivers.FlightsEvent", "src\Daisy.Receivers\Daisy.Receivers.FlightsEvent\Daisy.Receivers.FlightsEvent.csproj", "{2A3B4C5D-6E7F-8A9B-0C1D-2E3F4A5B6C7D}"
EndProject
Project("{FAE04EC0-301F-11D3-BF4B-00C04F79EFBC}") = "Daisy.Abilities.Operator", "src\Daisy.Abilities\Daisy.Abilities.Operator\Daisy.Abilities.Operator.csproj", "{87621898-FA97-1F45-D69A-2FA6EC9E11B2}"
EndProject
Project("{2150E333-8FDC-42A3-9474-1A3956D46DE8}") = "abilities", "abilities", "{AE224442-1316-4F39-862D-BD1AC54DC88A}"
EndProject
Project("{FAE04EC0-301F-11D3-BF4B-00C04F79EFBC}") = "Daisy.Tests.Abilities.Operator", "tests\Daisy.Tests.Abilities\Daisy.Tests.Abilities.Operator\Daisy.Tests.Abilities.Operator.csproj", "{8404A873-F91E-AF71-6AA9-17DA7F057CA5}"
EndProject
Project("{FAE04EC0-301F-11D3-BF4B-00C04F79EFBC}") = "Daisy.Tests.Abilities.Terminate", "tests\Daisy.Tests.Abilities\Daisy.Tests.Abilities.Terminate\Daisy.Tests.Abilities.Terminate.csproj", "{948163C3-35DB-2E02-571A-20EF5600B28F}"
EndProject
Project("{FAE04EC0-301F-11D3-BF4B-00C04F79EFBC}") = "Daisy.Tests.Transmitters", "tests\Daisy.Tests.Transmitters\Daisy.Tests.Transmitters.csproj", "{D601A0F5-6C80-4D8E-BD3A-B2D2F429FE66}"
EndProject
Project("{2150E333-8FDC-42A3-9474-1A3956D46DE8}") = "Daisy.Tests.Abilities", "Daisy.Tests.Abilities", "{033AE17C-03ED-2064-7387-0C165E759803}"
EndProject
Project("{FAE04EC0-301F-11D3-BF4B-00C04F79EFBC}") = "Daisy.Tests.Abilities.Flights", "tests\Daisy.Tests.Abilities\Daisy.Tests.Abilities.Flights\Daisy.Tests.Abilities.Flights.csproj", "{DBF735BC-7A25-431F-8F71-AECF4444B666}"
EndProject
Project("{FAE04EC0-301F-11D3-BF4B-00C04F79EFBC}") = "Daisy.Tests.Abilities.Weather", "tests\Daisy.Tests.Abilities\Daisy.Tests.Abilities.Weather\Daisy.Tests.Abilities.Weather.csproj", "{C4C8E9FD-034C-44BC-86F6-0F328FACAAE3}"
EndProject
Project("{FAE04EC0-301F-11D3-BF4B-00C04F79EFBC}") = "Daisy.Tests.Abilities.OutputValidator", "tests\Daisy.Tests.Abilities\Daisy.Tests.Abilities.OutputValidator\Daisy.Tests.Abilities.OutputValidator.csproj", "{82F6BB4A-AA31-4756-A99B-1BEF47CCA6DC}"
EndProject
Project("{FAE04EC0-301F-11D3-BF4B-00C04F79EFBC}") = "Daisy.Tests.Services", "tests\Daisy.Tests.Services\Daisy.Tests.Services.csproj", "{0B1D0781-AD81-4708-8AA9-B51E62D9F9FA}"
EndProject
Project("{2150E333-8FDC-42A3-9474-1A3956D46DE8}") = "Daisy.Workflows", "Daisy.Workflows", "{13E6BCF5-A7B7-4B09-420E-754C79266DF3}"
EndProject
Project("{FAE04EC0-301F-11D3-BF4B-00C04F79EFBC}") = "Daisy.Workflows.Football", "src\Daisy.Workflows\Daisy.Workflows.Football\Daisy.Workflows.Football.csproj", "{3875ABB8-8930-43DA-B21E-4641BB832D92}"
EndProject
Project("{2150E333-8FDC-42A3-9474-1A3956D46DE8}") = "Daisy.Receivers", "Daisy.Receivers", "{357B035A-A5EE-0E98-39AF-71324BEF1D16}"
EndProject
Project("{FAE04EC0-301F-11D3-BF4B-00C04F79EFBC}") = "Daisy.Receivers.FootballEvent", "src\Daisy.Receivers\Daisy.Receivers.FootballEvent\Daisy.Receivers.FootballEvent.csproj", "{91786C93-7E77-4B87-B3FE-25E408003E68}"
EndProject
Project("{2150E333-8FDC-42A3-9474-1A3956D46DE8}") = "Daisy.Abilities", "Daisy.Abilities", "{145A08EF-5B14-679C-6D72-6B6587226D1C}"
EndProject
Project("{FAE04EC0-301F-11D3-BF4B-00C04F79EFBC}") = "Daisy.Abilities.Football", "src\Daisy.Abilities\Daisy.Abilities.Football\Daisy.Abilities.Football.csproj", "{D5C8AD10-17F2-4613-B104-07C7D180D814}"
EndProject
Project("{FAE04EC0-301F-11D3-BF4B-00C04F79EFBC}") = "Daisy.Abilities.DatabaseStorage", "src\Daisy.Abilities\Daisy.Abilities.DatabaseStorage\Daisy.Abilities.DatabaseStorage.csproj", "{5BDA2302-5255-4ACE-A5DB-0611E6912783}"
EndProject
Project("{2150E333-8FDC-42A3-9474-1A3956D46DE8}") = "Daisy.Transmitters", "Daisy.Transmitters", "{BF053AF2-7154-5C6A-45B1-668C79AD0BD1}"
EndProject
Project("{FAE04EC0-301F-11D3-BF4B-00C04F79EFBC}") = "Daisy.Transmitters.Email", "src\Daisy.Transmitters\Daisy.Transmitters.Email\Daisy.Transmitters.Email.csproj", "{D7F437A6-E31E-42E2-B6A5-B5C2648B6E0D}"
EndProject
Global
	GlobalSection(SolutionConfigurationPlatforms) = preSolution
		Debug|Any CPU = Debug|Any CPU
		Debug|x64 = Debug|x64
		Debug|x86 = Debug|x86
		Release|Any CPU = Release|Any CPU
		Release|x64 = Release|x64
		Release|x86 = Release|x86
	EndGlobalSection
	GlobalSection(ProjectConfigurationPlatforms) = postSolution
		{3F381290-C6DA-5C11-55A8-8EEB96AE898E}.Debug|Any CPU.ActiveCfg = Debug|Any CPU
		{3F381290-C6DA-5C11-55A8-8EEB96AE898E}.Debug|Any CPU.Build.0 = Debug|Any CPU
		{3F381290-C6DA-5C11-55A8-8EEB96AE898E}.Debug|x64.ActiveCfg = Debug|Any CPU
		{3F381290-C6DA-5C11-55A8-8EEB96AE898E}.Debug|x64.Build.0 = Debug|Any CPU
		{3F381290-C6DA-5C11-55A8-8EEB96AE898E}.Debug|x86.ActiveCfg = Debug|Any CPU
		{3F381290-C6DA-5C11-55A8-8EEB96AE898E}.Debug|x86.Build.0 = Debug|Any CPU
		{3F381290-C6DA-5C11-55A8-8EEB96AE898E}.Release|Any CPU.ActiveCfg = Release|Any CPU
		{3F381290-C6DA-5C11-55A8-8EEB96AE898E}.Release|Any CPU.Build.0 = Release|Any CPU
		{3F381290-C6DA-5C11-55A8-8EEB96AE898E}.Release|x64.ActiveCfg = Release|Any CPU
		{3F381290-C6DA-5C11-55A8-8EEB96AE898E}.Release|x64.Build.0 = Release|Any CPU
		{3F381290-C6DA-5C11-55A8-8EEB96AE898E}.Release|x86.ActiveCfg = Release|Any CPU
		{3F381290-C6DA-5C11-55A8-8EEB96AE898E}.Release|x86.Build.0 = Release|Any CPU
		{59054E04-C7BB-3507-E566-AEB458A412D6}.Debug|Any CPU.ActiveCfg = Debug|Any CPU
		{59054E04-C7BB-3507-E566-AEB458A412D6}.Debug|Any CPU.Build.0 = Debug|Any CPU
		{59054E04-C7BB-3507-E566-AEB458A412D6}.Debug|x64.ActiveCfg = Debug|Any CPU
		{59054E04-C7BB-3507-E566-AEB458A412D6}.Debug|x64.Build.0 = Debug|Any CPU
		{59054E04-C7BB-3507-E566-AEB458A412D6}.Debug|x86.ActiveCfg = Debug|Any CPU
		{59054E04-C7BB-3507-E566-AEB458A412D6}.Debug|x86.Build.0 = Debug|Any CPU
		{59054E04-C7BB-3507-E566-AEB458A412D6}.Release|Any CPU.ActiveCfg = Release|Any CPU
		{59054E04-C7BB-3507-E566-AEB458A412D6}.Release|Any CPU.Build.0 = Release|Any CPU
		{59054E04-C7BB-3507-E566-AEB458A412D6}.Release|x64.ActiveCfg = Release|Any CPU
		{59054E04-C7BB-3507-E566-AEB458A412D6}.Release|x64.Build.0 = Release|Any CPU
		{59054E04-C7BB-3507-E566-AEB458A412D6}.Release|x86.ActiveCfg = Release|Any CPU
		{59054E04-C7BB-3507-E566-AEB458A412D6}.Release|x86.Build.0 = Release|Any CPU
		{C3BC6041-8739-698E-41AD-B130B50832B1}.Debug|Any CPU.ActiveCfg = Debug|Any CPU
		{C3BC6041-8739-698E-41AD-B130B50832B1}.Debug|Any CPU.Build.0 = Debug|Any CPU
		{C3BC6041-8739-698E-41AD-B130B50832B1}.Debug|x64.ActiveCfg = Debug|Any CPU
		{C3BC6041-8739-698E-41AD-B130B50832B1}.Debug|x64.Build.0 = Debug|Any CPU
		{C3BC6041-8739-698E-41AD-B130B50832B1}.Debug|x86.ActiveCfg = Debug|Any CPU
		{C3BC6041-8739-698E-41AD-B130B50832B1}.Debug|x86.Build.0 = Debug|Any CPU
		{C3BC6041-8739-698E-41AD-B130B50832B1}.Release|Any CPU.ActiveCfg = Release|Any CPU
		{C3BC6041-8739-698E-41AD-B130B50832B1}.Release|Any CPU.Build.0 = Release|Any CPU
		{C3BC6041-8739-698E-41AD-B130B50832B1}.Release|x64.ActiveCfg = Release|Any CPU
		{C3BC6041-8739-698E-41AD-B130B50832B1}.Release|x64.Build.0 = Release|Any CPU
		{C3BC6041-8739-698E-41AD-B130B50832B1}.Release|x86.ActiveCfg = Release|Any CPU
		{C3BC6041-8739-698E-41AD-B130B50832B1}.Release|x86.Build.0 = Release|Any CPU
		{00F5B0CB-636B-4543-9D6B-DC75F6125A86}.Debug|Any CPU.ActiveCfg = Debug|Any CPU
		{00F5B0CB-636B-4543-9D6B-DC75F6125A86}.Debug|Any CPU.Build.0 = Debug|Any CPU
		{00F5B0CB-636B-4543-9D6B-DC75F6125A86}.Debug|x64.ActiveCfg = Debug|Any CPU
		{00F5B0CB-636B-4543-9D6B-DC75F6125A86}.Debug|x64.Build.0 = Debug|Any CPU
		{00F5B0CB-636B-4543-9D6B-DC75F6125A86}.Debug|x86.ActiveCfg = Debug|Any CPU
		{00F5B0CB-636B-4543-9D6B-DC75F6125A86}.Debug|x86.Build.0 = Debug|Any CPU
		{00F5B0CB-636B-4543-9D6B-DC75F6125A86}.Release|Any CPU.ActiveCfg = Release|Any CPU
		{00F5B0CB-636B-4543-9D6B-DC75F6125A86}.Release|Any CPU.Build.0 = Release|Any CPU
		{00F5B0CB-636B-4543-9D6B-DC75F6125A86}.Release|x64.ActiveCfg = Release|Any CPU
		{00F5B0CB-636B-4543-9D6B-DC75F6125A86}.Release|x64.Build.0 = Release|Any CPU
		{00F5B0CB-636B-4543-9D6B-DC75F6125A86}.Release|x86.ActiveCfg = Release|Any CPU
		{00F5B0CB-636B-4543-9D6B-DC75F6125A86}.Release|x86.Build.0 = Release|Any CPU
		{F4E92C39-63C0-0530-93D5-CB06F69C6B78}.Debug|Any CPU.ActiveCfg = Debug|Any CPU
		{F4E92C39-63C0-0530-93D5-CB06F69C6B78}.Debug|Any CPU.Build.0 = Debug|Any CPU
		{F4E92C39-63C0-0530-93D5-CB06F69C6B78}.Debug|x64.ActiveCfg = Debug|Any CPU
		{F4E92C39-63C0-0530-93D5-CB06F69C6B78}.Debug|x64.Build.0 = Debug|Any CPU
		{F4E92C39-63C0-0530-93D5-CB06F69C6B78}.Debug|x86.ActiveCfg = Debug|Any CPU
		{F4E92C39-63C0-0530-93D5-CB06F69C6B78}.Debug|x86.Build.0 = Debug|Any CPU
		{F4E92C39-63C0-0530-93D5-CB06F69C6B78}.Release|Any CPU.ActiveCfg = Release|Any CPU
		{F4E92C39-63C0-0530-93D5-CB06F69C6B78}.Release|Any CPU.Build.0 = Release|Any CPU
		{F4E92C39-63C0-0530-93D5-CB06F69C6B78}.Release|x64.ActiveCfg = Release|Any CPU
		{F4E92C39-63C0-0530-93D5-CB06F69C6B78}.Release|x64.Build.0 = Release|Any CPU
		{F4E92C39-63C0-0530-93D5-CB06F69C6B78}.Release|x86.ActiveCfg = Release|Any CPU
		{F4E92C39-63C0-0530-93D5-CB06F69C6B78}.Release|x86.Build.0 = Release|Any CPU
		{790016FC-E980-89ED-FB03-EEAA45452968}.Debug|Any CPU.ActiveCfg = Debug|Any CPU
		{790016FC-E980-89ED-FB03-EEAA45452968}.Debug|Any CPU.Build.0 = Debug|Any CPU
		{790016FC-E980-89ED-FB03-EEAA45452968}.Debug|x64.ActiveCfg = Debug|Any CPU
		{790016FC-E980-89ED-FB03-EEAA45452968}.Debug|x64.Build.0 = Debug|Any CPU
		{790016FC-E980-89ED-FB03-EEAA45452968}.Debug|x86.ActiveCfg = Debug|Any CPU
		{790016FC-E980-89ED-FB03-EEAA45452968}.Debug|x86.Build.0 = Debug|Any CPU
		{790016FC-E980-89ED-FB03-EEAA45452968}.Release|Any CPU.ActiveCfg = Release|Any CPU
		{790016FC-E980-89ED-FB03-EEAA45452968}.Release|Any CPU.Build.0 = Release|Any CPU
		{790016FC-E980-89ED-FB03-EEAA45452968}.Release|x64.ActiveCfg = Release|Any CPU
		{790016FC-E980-89ED-FB03-EEAA45452968}.Release|x64.Build.0 = Release|Any CPU
		{790016FC-E980-89ED-FB03-EEAA45452968}.Release|x86.ActiveCfg = Release|Any CPU
		{790016FC-E980-89ED-FB03-EEAA45452968}.Release|x86.Build.0 = Release|Any CPU
		{9E606C57-8959-FBDD-B970-C526A6D8DB41}.Debug|Any CPU.ActiveCfg = Debug|Any CPU
		{9E606C57-8959-FBDD-B970-C526A6D8DB41}.Debug|Any CPU.Build.0 = Debug|Any CPU
		{9E606C57-8959-FBDD-B970-C526A6D8DB41}.Debug|x64.ActiveCfg = Debug|Any CPU
		{9E606C57-8959-FBDD-B970-C526A6D8DB41}.Debug|x64.Build.0 = Debug|Any CPU
		{9E606C57-8959-FBDD-B970-C526A6D8DB41}.Debug|x86.ActiveCfg = Debug|Any CPU
		{9E606C57-8959-FBDD-B970-C526A6D8DB41}.Debug|x86.Build.0 = Debug|Any CPU
		{9E606C57-8959-FBDD-B970-C526A6D8DB41}.Release|Any CPU.ActiveCfg = Release|Any CPU
		{9E606C57-8959-FBDD-B970-C526A6D8DB41}.Release|Any CPU.Build.0 = Release|Any CPU
		{9E606C57-8959-FBDD-B970-C526A6D8DB41}.Release|x64.ActiveCfg = Release|Any CPU
		{9E606C57-8959-FBDD-B970-C526A6D8DB41}.Release|x64.Build.0 = Release|Any CPU
		{9E606C57-8959-FBDD-B970-C526A6D8DB41}.Release|x86.ActiveCfg = Release|Any CPU
		{9E606C57-8959-FBDD-B970-C526A6D8DB41}.Release|x86.Build.0 = Release|Any CPU
		{D1434E05-37BE-4397-2CBD-0C52D3DB6D5B}.Debug|Any CPU.ActiveCfg = Debug|Any CPU
		{D1434E05-37BE-4397-2CBD-0C52D3DB6D5B}.Debug|Any CPU.Build.0 = Debug|Any CPU
		{D1434E05-37BE-4397-2CBD-0C52D3DB6D5B}.Debug|x64.ActiveCfg = Debug|Any CPU
		{D1434E05-37BE-4397-2CBD-0C52D3DB6D5B}.Debug|x64.Build.0 = Debug|Any CPU
		{D1434E05-37BE-4397-2CBD-0C52D3DB6D5B}.Debug|x86.ActiveCfg = Debug|Any CPU
		{D1434E05-37BE-4397-2CBD-0C52D3DB6D5B}.Debug|x86.Build.0 = Debug|Any CPU
		{D1434E05-37BE-4397-2CBD-0C52D3DB6D5B}.Release|Any CPU.ActiveCfg = Release|Any CPU
		{D1434E05-37BE-4397-2CBD-0C52D3DB6D5B}.Release|Any CPU.Build.0 = Release|Any CPU
		{D1434E05-37BE-4397-2CBD-0C52D3DB6D5B}.Release|x64.ActiveCfg = Release|Any CPU
		{D1434E05-37BE-4397-2CBD-0C52D3DB6D5B}.Release|x64.Build.0 = Release|Any CPU
		{D1434E05-37BE-4397-2CBD-0C52D3DB6D5B}.Release|x86.ActiveCfg = Release|Any CPU
		{D1434E05-37BE-4397-2CBD-0C52D3DB6D5B}.Release|x86.Build.0 = Release|Any CPU
		{62C9E1F2-D255-5A7E-EFBE-E9B036B4C65F}.Debug|Any CPU.ActiveCfg = Debug|Any CPU
		{62C9E1F2-D255-5A7E-EFBE-E9B036B4C65F}.Debug|Any CPU.Build.0 = Debug|Any CPU
		{62C9E1F2-D255-5A7E-EFBE-E9B036B4C65F}.Debug|x64.ActiveCfg = Debug|Any CPU
		{62C9E1F2-D255-5A7E-EFBE-E9B036B4C65F}.Debug|x64.Build.0 = Debug|Any CPU
		{62C9E1F2-D255-5A7E-EFBE-E9B036B4C65F}.Debug|x86.ActiveCfg = Debug|Any CPU
		{62C9E1F2-D255-5A7E-EFBE-E9B036B4C65F}.Debug|x86.Build.0 = Debug|Any CPU
		{62C9E1F2-D255-5A7E-EFBE-E9B036B4C65F}.Release|Any CPU.ActiveCfg = Release|Any CPU
		{62C9E1F2-D255-5A7E-EFBE-E9B036B4C65F}.Release|Any CPU.Build.0 = Release|Any CPU
		{62C9E1F2-D255-5A7E-EFBE-E9B036B4C65F}.Release|x64.ActiveCfg = Release|Any CPU
		{62C9E1F2-D255-5A7E-EFBE-E9B036B4C65F}.Release|x64.Build.0 = Release|Any CPU
		{62C9E1F2-D255-5A7E-EFBE-E9B036B4C65F}.Release|x86.ActiveCfg = Release|Any CPU
		{62C9E1F2-D255-5A7E-EFBE-E9B036B4C65F}.Release|x86.Build.0 = Release|Any CPU
		{86EBEB28-0D2E-4495-A531-105EBCD0FDEE}.Debug|Any CPU.ActiveCfg = Debug|Any CPU
		{86EBEB28-0D2E-4495-A531-105EBCD0FDEE}.Debug|Any CPU.Build.0 = Debug|Any CPU
		{86EBEB28-0D2E-4495-A531-105EBCD0FDEE}.Debug|x64.ActiveCfg = Debug|Any CPU
		{86EBEB28-0D2E-4495-A531-105EBCD0FDEE}.Debug|x64.Build.0 = Debug|Any CPU
		{86EBEB28-0D2E-4495-A531-105EBCD0FDEE}.Debug|x86.ActiveCfg = Debug|Any CPU
		{86EBEB28-0D2E-4495-A531-105EBCD0FDEE}.Debug|x86.Build.0 = Debug|Any CPU
		{86EBEB28-0D2E-4495-A531-105EBCD0FDEE}.Release|Any CPU.ActiveCfg = Release|Any CPU
		{86EBEB28-0D2E-4495-A531-105EBCD0FDEE}.Release|Any CPU.Build.0 = Release|Any CPU
		{86EBEB28-0D2E-4495-A531-105EBCD0FDEE}.Release|x64.ActiveCfg = Release|Any CPU
		{86EBEB28-0D2E-4495-A531-105EBCD0FDEE}.Release|x64.Build.0 = Release|Any CPU
		{86EBEB28-0D2E-4495-A531-105EBCD0FDEE}.Release|x86.ActiveCfg = Release|Any CPU
		{86EBEB28-0D2E-4495-A531-105EBCD0FDEE}.Release|x86.Build.0 = Release|Any CPU
		{53CC1CDB-A620-DE5E-B9BE-E82CCB5A8EA5}.Debug|Any CPU.ActiveCfg = Debug|Any CPU
		{53CC1CDB-A620-DE5E-B9BE-E82CCB5A8EA5}.Debug|Any CPU.Build.0 = Debug|Any CPU
		{53CC1CDB-A620-DE5E-B9BE-E82CCB5A8EA5}.Debug|x64.ActiveCfg = Debug|Any CPU
		{53CC1CDB-A620-DE5E-B9BE-E82CCB5A8EA5}.Debug|x64.Build.0 = Debug|Any CPU
		{53CC1CDB-A620-DE5E-B9BE-E82CCB5A8EA5}.Debug|x86.ActiveCfg = Debug|Any CPU
		{53CC1CDB-A620-DE5E-B9BE-E82CCB5A8EA5}.Debug|x86.Build.0 = Debug|Any CPU
		{53CC1CDB-A620-DE5E-B9BE-E82CCB5A8EA5}.Release|Any CPU.ActiveCfg = Release|Any CPU
		{53CC1CDB-A620-DE5E-B9BE-E82CCB5A8EA5}.Release|Any CPU.Build.0 = Release|Any CPU
		{53CC1CDB-A620-DE5E-B9BE-E82CCB5A8EA5}.Release|x64.ActiveCfg = Release|Any CPU
		{53CC1CDB-A620-DE5E-B9BE-E82CCB5A8EA5}.Release|x64.Build.0 = Release|Any CPU
		{53CC1CDB-A620-DE5E-B9BE-E82CCB5A8EA5}.Release|x86.ActiveCfg = Release|Any CPU
		{53CC1CDB-A620-DE5E-B9BE-E82CCB5A8EA5}.Release|x86.Build.0 = Release|Any CPU
		{AD1B5EA2-1A0E-4512-8B7C-72F246F1E56A}.Debug|Any CPU.ActiveCfg = Debug|Any CPU
		{AD1B5EA2-1A0E-4512-8B7C-72F246F1E56A}.Debug|Any CPU.Build.0 = Debug|Any CPU
		{AD1B5EA2-1A0E-4512-8B7C-72F246F1E56A}.Debug|x64.ActiveCfg = Debug|Any CPU
		{AD1B5EA2-1A0E-4512-8B7C-72F246F1E56A}.Debug|x64.Build.0 = Debug|Any CPU
		{AD1B5EA2-1A0E-4512-8B7C-72F246F1E56A}.Debug|x86.ActiveCfg = Debug|Any CPU
		{AD1B5EA2-1A0E-4512-8B7C-72F246F1E56A}.Debug|x86.Build.0 = Debug|Any CPU
		{AD1B5EA2-1A0E-4512-8B7C-72F246F1E56A}.Release|Any CPU.ActiveCfg = Release|Any CPU
		{AD1B5EA2-1A0E-4512-8B7C-72F246F1E56A}.Release|Any CPU.Build.0 = Release|Any CPU
		{AD1B5EA2-1A0E-4512-8B7C-72F246F1E56A}.Release|x64.ActiveCfg = Release|Any CPU
		{AD1B5EA2-1A0E-4512-8B7C-72F246F1E56A}.Release|x64.Build.0 = Release|Any CPU
		{AD1B5EA2-1A0E-4512-8B7C-72F246F1E56A}.Release|x86.ActiveCfg = Release|Any CPU
		{AD1B5EA2-1A0E-4512-8B7C-72F246F1E56A}.Release|x86.Build.0 = Release|Any CPU
		{E1B2F3A4-5C6D-7E8F-9A0B-1C2D3E4F5A6B}.Debug|Any CPU.ActiveCfg = Debug|Any CPU
		{E1B2F3A4-5C6D-7E8F-9A0B-1C2D3E4F5A6B}.Debug|Any CPU.Build.0 = Debug|Any CPU
		{E1B2F3A4-5C6D-7E8F-9A0B-1C2D3E4F5A6B}.Debug|x64.ActiveCfg = Debug|Any CPU
		{E1B2F3A4-5C6D-7E8F-9A0B-1C2D3E4F5A6B}.Debug|x64.Build.0 = Debug|Any CPU
		{E1B2F3A4-5C6D-7E8F-9A0B-1C2D3E4F5A6B}.Debug|x86.ActiveCfg = Debug|Any CPU
		{E1B2F3A4-5C6D-7E8F-9A0B-1C2D3E4F5A6B}.Debug|x86.Build.0 = Debug|Any CPU
		{E1B2F3A4-5C6D-7E8F-9A0B-1C2D3E4F5A6B}.Release|Any CPU.ActiveCfg = Release|Any CPU
		{E1B2F3A4-5C6D-7E8F-9A0B-1C2D3E4F5A6B}.Release|Any CPU.Build.0 = Release|Any CPU
		{E1B2F3A4-5C6D-7E8F-9A0B-1C2D3E4F5A6B}.Release|x64.ActiveCfg = Release|Any CPU
		{E1B2F3A4-5C6D-7E8F-9A0B-1C2D3E4F5A6B}.Release|x64.Build.0 = Release|Any CPU
		{E1B2F3A4-5C6D-7E8F-9A0B-1C2D3E4F5A6B}.Release|x86.ActiveCfg = Release|Any CPU
		{E1B2F3A4-5C6D-7E8F-9A0B-1C2D3E4F5A6B}.Release|x86.Build.0 = Release|Any CPU
		{E3C00D10-0089-D40D-B3F6-9D0C137C2B73}.Debug|Any CPU.ActiveCfg = Debug|Any CPU
		{E3C00D10-0089-D40D-B3F6-9D0C137C2B73}.Debug|Any CPU.Build.0 = Debug|Any CPU
		{E3C00D10-0089-D40D-B3F6-9D0C137C2B73}.Debug|x64.ActiveCfg = Debug|Any CPU
		{E3C00D10-0089-D40D-B3F6-9D0C137C2B73}.Debug|x64.Build.0 = Debug|Any CPU
		{E3C00D10-0089-D40D-B3F6-9D0C137C2B73}.Debug|x86.ActiveCfg = Debug|Any CPU
		{E3C00D10-0089-D40D-B3F6-9D0C137C2B73}.Debug|x86.Build.0 = Debug|Any CPU
		{E3C00D10-0089-D40D-B3F6-9D0C137C2B73}.Release|Any CPU.ActiveCfg = Release|Any CPU
		{E3C00D10-0089-D40D-B3F6-9D0C137C2B73}.Release|Any CPU.Build.0 = Release|Any CPU
		{E3C00D10-0089-D40D-B3F6-9D0C137C2B73}.Release|x64.ActiveCfg = Release|Any CPU
		{E3C00D10-0089-D40D-B3F6-9D0C137C2B73}.Release|x64.Build.0 = Release|Any CPU
		{E3C00D10-0089-D40D-B3F6-9D0C137C2B73}.Release|x86.ActiveCfg = Release|Any CPU
		{E3C00D10-0089-D40D-B3F6-9D0C137C2B73}.Release|x86.Build.0 = Release|Any CPU
		{AFDFAC74-A222-86E6-32BC-8359EE2B9024}.Debug|Any CPU.ActiveCfg = Debug|Any CPU
		{AFDFAC74-A222-86E6-32BC-8359EE2B9024}.Debug|Any CPU.Build.0 = Debug|Any CPU
		{AFDFAC74-A222-86E6-32BC-8359EE2B9024}.Debug|x64.ActiveCfg = Debug|Any CPU
		{AFDFAC74-A222-86E6-32BC-8359EE2B9024}.Debug|x64.Build.0 = Debug|Any CPU
		{AFDFAC74-A222-86E6-32BC-8359EE2B9024}.Debug|x86.ActiveCfg = Debug|Any CPU
		{AFDFAC74-A222-86E6-32BC-8359EE2B9024}.Debug|x86.Build.0 = Debug|Any CPU
		{AFDFAC74-A222-86E6-32BC-8359EE2B9024}.Release|Any CPU.ActiveCfg = Release|Any CPU
		{AFDFAC74-A222-86E6-32BC-8359EE2B9024}.Release|Any CPU.Build.0 = Release|Any CPU
		{AFDFAC74-A222-86E6-32BC-8359EE2B9024}.Release|x64.ActiveCfg = Release|Any CPU
		{AFDFAC74-A222-86E6-32BC-8359EE2B9024}.Release|x64.Build.0 = Release|Any CPU
		{AFDFAC74-A222-86E6-32BC-8359EE2B9024}.Release|x86.ActiveCfg = Release|Any CPU
		{AFDFAC74-A222-86E6-32BC-8359EE2B9024}.Release|x86.Build.0 = Release|Any CPU
		{3B4C5D6E-7F8A-9B0C-1D2E-3F4A5B6C7D8E}.Debug|Any CPU.ActiveCfg = Debug|Any CPU
		{3B4C5D6E-7F8A-9B0C-1D2E-3F4A5B6C7D8E}.Debug|Any CPU.Build.0 = Debug|Any CPU
		{3B4C5D6E-7F8A-9B0C-1D2E-3F4A5B6C7D8E}.Debug|x64.ActiveCfg = Debug|Any CPU
		{3B4C5D6E-7F8A-9B0C-1D2E-3F4A5B6C7D8E}.Debug|x64.Build.0 = Debug|Any CPU
		{3B4C5D6E-7F8A-9B0C-1D2E-3F4A5B6C7D8E}.Debug|x86.ActiveCfg = Debug|Any CPU
		{3B4C5D6E-7F8A-9B0C-1D2E-3F4A5B6C7D8E}.Debug|x86.Build.0 = Debug|Any CPU
		{3B4C5D6E-7F8A-9B0C-1D2E-3F4A5B6C7D8E}.Release|Any CPU.ActiveCfg = Release|Any CPU
		{3B4C5D6E-7F8A-9B0C-1D2E-3F4A5B6C7D8E}.Release|Any CPU.Build.0 = Release|Any CPU
		{3B4C5D6E-7F8A-9B0C-1D2E-3F4A5B6C7D8E}.Release|x64.ActiveCfg = Release|Any CPU
		{3B4C5D6E-7F8A-9B0C-1D2E-3F4A5B6C7D8E}.Release|x64.Build.0 = Release|Any CPU
		{3B4C5D6E-7F8A-9B0C-1D2E-3F4A5B6C7D8E}.Release|x86.ActiveCfg = Release|Any CPU
		{3B4C5D6E-7F8A-9B0C-1D2E-3F4A5B6C7D8E}.Release|x86.Build.0 = Release|Any CPU
		{15143932-2845-DB44-F19D-5AE9907FF3E9}.Debug|Any CPU.ActiveCfg = Debug|Any CPU
		{15143932-2845-DB44-F19D-5AE9907FF3E9}.Debug|Any CPU.Build.0 = Debug|Any CPU
		{15143932-2845-DB44-F19D-5AE9907FF3E9}.Debug|x64.ActiveCfg = Debug|Any CPU
		{15143932-2845-DB44-F19D-5AE9907FF3E9}.Debug|x64.Build.0 = Debug|Any CPU
		{15143932-2845-DB44-F19D-5AE9907FF3E9}.Debug|x86.ActiveCfg = Debug|Any CPU
		{15143932-2845-DB44-F19D-5AE9907FF3E9}.Debug|x86.Build.0 = Debug|Any CPU
		{15143932-2845-DB44-F19D-5AE9907FF3E9}.Release|Any CPU.ActiveCfg = Release|Any CPU
		{15143932-2845-DB44-F19D-5AE9907FF3E9}.Release|Any CPU.Build.0 = Release|Any CPU
		{15143932-2845-DB44-F19D-5AE9907FF3E9}.Release|x64.ActiveCfg = Release|Any CPU
		{15143932-2845-DB44-F19D-5AE9907FF3E9}.Release|x64.Build.0 = Release|Any CPU
		{15143932-2845-DB44-F19D-5AE9907FF3E9}.Release|x86.ActiveCfg = Release|Any CPU
		{15143932-2845-DB44-F19D-5AE9907FF3E9}.Release|x86.Build.0 = Release|Any CPU
		{2A3B4C5D-6E7F-8A9B-0C1D-2E3F4A5B6C7D}.Debug|Any CPU.ActiveCfg = Debug|Any CPU
		{2A3B4C5D-6E7F-8A9B-0C1D-2E3F4A5B6C7D}.Debug|Any CPU.Build.0 = Debug|Any CPU
		{2A3B4C5D-6E7F-8A9B-0C1D-2E3F4A5B6C7D}.Debug|x64.ActiveCfg = Debug|Any CPU
		{2A3B4C5D-6E7F-8A9B-0C1D-2E3F4A5B6C7D}.Debug|x64.Build.0 = Debug|Any CPU
		{2A3B4C5D-6E7F-8A9B-0C1D-2E3F4A5B6C7D}.Debug|x86.ActiveCfg = Debug|Any CPU
		{2A3B4C5D-6E7F-8A9B-0C1D-2E3F4A5B6C7D}.Debug|x86.Build.0 = Debug|Any CPU
		{2A3B4C5D-6E7F-8A9B-0C1D-2E3F4A5B6C7D}.Release|Any CPU.ActiveCfg = Release|Any CPU
		{2A3B4C5D-6E7F-8A9B-0C1D-2E3F4A5B6C7D}.Release|Any CPU.Build.0 = Release|Any CPU
		{2A3B4C5D-6E7F-8A9B-0C1D-2E3F4A5B6C7D}.Release|x64.ActiveCfg = Release|Any CPU
		{2A3B4C5D-6E7F-8A9B-0C1D-2E3F4A5B6C7D}.Release|x64.Build.0 = Release|Any CPU
		{2A3B4C5D-6E7F-8A9B-0C1D-2E3F4A5B6C7D}.Release|x86.ActiveCfg = Release|Any CPU
		{2A3B4C5D-6E7F-8A9B-0C1D-2E3F4A5B6C7D}.Release|x86.Build.0 = Release|Any CPU
		{87621898-FA97-1F45-D69A-2FA6EC9E11B2}.Debug|Any CPU.ActiveCfg = Debug|Any CPU
		{87621898-FA97-1F45-D69A-2FA6EC9E11B2}.Debug|Any CPU.Build.0 = Debug|Any CPU
		{87621898-FA97-1F45-D69A-2FA6EC9E11B2}.Debug|x64.ActiveCfg = Debug|Any CPU
		{87621898-FA97-1F45-D69A-2FA6EC9E11B2}.Debug|x64.Build.0 = Debug|Any CPU
		{87621898-FA97-1F45-D69A-2FA6EC9E11B2}.Debug|x86.ActiveCfg = Debug|Any CPU
		{87621898-FA97-1F45-D69A-2FA6EC9E11B2}.Debug|x86.Build.0 = Debug|Any CPU
		{87621898-FA97-1F45-D69A-2FA6EC9E11B2}.Release|Any CPU.ActiveCfg = Release|Any CPU
		{87621898-FA97-1F45-D69A-2FA6EC9E11B2}.Release|Any CPU.Build.0 = Release|Any CPU
		{87621898-FA97-1F45-D69A-2FA6EC9E11B2}.Release|x64.ActiveCfg = Release|Any CPU
		{87621898-FA97-1F45-D69A-2FA6EC9E11B2}.Release|x64.Build.0 = Release|Any CPU
		{87621898-FA97-1F45-D69A-2FA6EC9E11B2}.Release|x86.ActiveCfg = Release|Any CPU
		{87621898-FA97-1F45-D69A-2FA6EC9E11B2}.Release|x86.Build.0 = Release|Any CPU
		{8404A873-F91E-AF71-6AA9-17DA7F057CA5}.Debug|Any CPU.ActiveCfg = Debug|Any CPU
		{8404A873-F91E-AF71-6AA9-17DA7F057CA5}.Debug|Any CPU.Build.0 = Debug|Any CPU
		{8404A873-F91E-AF71-6AA9-17DA7F057CA5}.Debug|x64.ActiveCfg = Debug|Any CPU
		{8404A873-F91E-AF71-6AA9-17DA7F057CA5}.Debug|x64.Build.0 = Debug|Any CPU
		{8404A873-F91E-AF71-6AA9-17DA7F057CA5}.Debug|x86.ActiveCfg = Debug|Any CPU
		{8404A873-F91E-AF71-6AA9-17DA7F057CA5}.Debug|x86.Build.0 = Debug|Any CPU
		{8404A873-F91E-AF71-6AA9-17DA7F057CA5}.Release|Any CPU.ActiveCfg = Release|Any CPU
		{8404A873-F91E-AF71-6AA9-17DA7F057CA5}.Release|Any CPU.Build.0 = Release|Any CPU
		{8404A873-F91E-AF71-6AA9-17DA7F057CA5}.Release|x64.ActiveCfg = Release|Any CPU
		{8404A873-F91E-AF71-6AA9-17DA7F057CA5}.Release|x64.Build.0 = Release|Any CPU
		{8404A873-F91E-AF71-6AA9-17DA7F057CA5}.Release|x86.ActiveCfg = Release|Any CPU
		{8404A873-F91E-AF71-6AA9-17DA7F057CA5}.Release|x86.Build.0 = Release|Any CPU
		{948163C3-35DB-2E02-571A-20EF5600B28F}.Debug|Any CPU.ActiveCfg = Debug|Any CPU
		{948163C3-35DB-2E02-571A-20EF5600B28F}.Debug|Any CPU.Build.0 = Debug|Any CPU
		{948163C3-35DB-2E02-571A-20EF5600B28F}.Debug|x64.ActiveCfg = Debug|Any CPU
		{948163C3-35DB-2E02-571A-20EF5600B28F}.Debug|x64.Build.0 = Debug|Any CPU
		{948163C3-35DB-2E02-571A-20EF5600B28F}.Debug|x86.ActiveCfg = Debug|Any CPU
		{948163C3-35DB-2E02-571A-20EF5600B28F}.Debug|x86.Build.0 = Debug|Any CPU
		{948163C3-35DB-2E02-571A-20EF5600B28F}.Release|Any CPU.ActiveCfg = Release|Any CPU
		{948163C3-35DB-2E02-571A-20EF5600B28F}.Release|Any CPU.Build.0 = Release|Any CPU
		{948163C3-35DB-2E02-571A-20EF5600B28F}.Release|x64.ActiveCfg = Release|Any CPU
		{948163C3-35DB-2E02-571A-20EF5600B28F}.Release|x64.Build.0 = Release|Any CPU
		{948163C3-35DB-2E02-571A-20EF5600B28F}.Release|x86.ActiveCfg = Release|Any CPU
		{948163C3-35DB-2E02-571A-20EF5600B28F}.Release|x86.Build.0 = Release|Any CPU
		{D601A0F5-6C80-4D8E-BD3A-B2D2F429FE66}.Debug|Any CPU.ActiveCfg = Debug|Any CPU
		{D601A0F5-6C80-4D8E-BD3A-B2D2F429FE66}.Debug|Any CPU.Build.0 = Debug|Any CPU
		{D601A0F5-6C80-4D8E-BD3A-B2D2F429FE66}.Debug|x64.ActiveCfg = Debug|Any CPU
		{D601A0F5-6C80-4D8E-BD3A-B2D2F429FE66}.Debug|x64.Build.0 = Debug|Any CPU
		{D601A0F5-6C80-4D8E-BD3A-B2D2F429FE66}.Debug|x86.ActiveCfg = Debug|Any CPU
		{D601A0F5-6C80-4D8E-BD3A-B2D2F429FE66}.Debug|x86.Build.0 = Debug|Any CPU
		{D601A0F5-6C80-4D8E-BD3A-B2D2F429FE66}.Release|Any CPU.ActiveCfg = Release|Any CPU
		{D601A0F5-6C80-4D8E-BD3A-B2D2F429FE66}.Release|Any CPU.Build.0 = Release|Any CPU
		{D601A0F5-6C80-4D8E-BD3A-B2D2F429FE66}.Release|x64.ActiveCfg = Release|Any CPU
		{D601A0F5-6C80-4D8E-BD3A-B2D2F429FE66}.Release|x64.Build.0 = Release|Any CPU
		{D601A0F5-6C80-4D8E-BD3A-B2D2F429FE66}.Release|x86.ActiveCfg = Release|Any CPU
		{D601A0F5-6C80-4D8E-BD3A-B2D2F429FE66}.Release|x86.Build.0 = Release|Any CPU
		{DBF735BC-7A25-431F-8F71-AECF4444B666}.Debug|Any CPU.ActiveCfg = Debug|Any CPU
		{DBF735BC-7A25-431F-8F71-AECF4444B666}.Debug|Any CPU.Build.0 = Debug|Any CPU
		{DBF735BC-7A25-431F-8F71-AECF4444B666}.Debug|x64.ActiveCfg = Debug|Any CPU
		{DBF735BC-7A25-431F-8F71-AECF4444B666}.Debug|x64.Build.0 = Debug|Any CPU
		{DBF735BC-7A25-431F-8F71-AECF4444B666}.Debug|x86.ActiveCfg = Debug|Any CPU
		{DBF735BC-7A25-431F-8F71-AECF4444B666}.Debug|x86.Build.0 = Debug|Any CPU
		{DBF735BC-7A25-431F-8F71-AECF4444B666}.Release|Any CPU.ActiveCfg = Release|Any CPU
		{DBF735BC-7A25-431F-8F71-AECF4444B666}.Release|Any CPU.Build.0 = Release|Any CPU
		{DBF735BC-7A25-431F-8F71-AECF4444B666}.Release|x64.ActiveCfg = Release|Any CPU
		{DBF735BC-7A25-431F-8F71-AECF4444B666}.Release|x64.Build.0 = Release|Any CPU
		{DBF735BC-7A25-431F-8F71-AECF4444B666}.Release|x86.ActiveCfg = Release|Any CPU
		{DBF735BC-7A25-431F-8F71-AECF4444B666}.Release|x86.Build.0 = Release|Any CPU
		{C4C8E9FD-034C-44BC-86F6-0F328FACAAE3}.Debug|Any CPU.ActiveCfg = Debug|Any CPU
		{C4C8E9FD-034C-44BC-86F6-0F328FACAAE3}.Debug|Any CPU.Build.0 = Debug|Any CPU
		{C4C8E9FD-034C-44BC-86F6-0F328FACAAE3}.Debug|x64.ActiveCfg = Debug|Any CPU
		{C4C8E9FD-034C-44BC-86F6-0F328FACAAE3}.Debug|x64.Build.0 = Debug|Any CPU
		{C4C8E9FD-034C-44BC-86F6-0F328FACAAE3}.Debug|x86.ActiveCfg = Debug|Any CPU
		{C4C8E9FD-034C-44BC-86F6-0F328FACAAE3}.Debug|x86.Build.0 = Debug|Any CPU
		{C4C8E9FD-034C-44BC-86F6-0F328FACAAE3}.Release|Any CPU.ActiveCfg = Release|Any CPU
		{C4C8E9FD-034C-44BC-86F6-0F328FACAAE3}.Release|Any CPU.Build.0 = Release|Any CPU
		{C4C8E9FD-034C-44BC-86F6-0F328FACAAE3}.Release|x64.ActiveCfg = Release|Any CPU
		{C4C8E9FD-034C-44BC-86F6-0F328FACAAE3}.Release|x64.Build.0 = Release|Any CPU
		{C4C8E9FD-034C-44BC-86F6-0F328FACAAE3}.Release|x86.ActiveCfg = Release|Any CPU
		{C4C8E9FD-034C-44BC-86F6-0F328FACAAE3}.Release|x86.Build.0 = Release|Any CPU
		{82F6BB4A-AA31-4756-A99B-1BEF47CCA6DC}.Debug|Any CPU.ActiveCfg = Debug|Any CPU
		{82F6BB4A-AA31-4756-A99B-1BEF47CCA6DC}.Debug|Any CPU.Build.0 = Debug|Any CPU
		{82F6BB4A-AA31-4756-A99B-1BEF47CCA6DC}.Debug|x64.ActiveCfg = Debug|Any CPU
		{82F6BB4A-AA31-4756-A99B-1BEF47CCA6DC}.Debug|x64.Build.0 = Debug|Any CPU
		{82F6BB4A-AA31-4756-A99B-1BEF47CCA6DC}.Debug|x86.ActiveCfg = Debug|Any CPU
		{82F6BB4A-AA31-4756-A99B-1BEF47CCA6DC}.Debug|x86.Build.0 = Debug|Any CPU
		{82F6BB4A-AA31-4756-A99B-1BEF47CCA6DC}.Release|Any CPU.ActiveCfg = Release|Any CPU
		{82F6BB4A-AA31-4756-A99B-1BEF47CCA6DC}.Release|Any CPU.Build.0 = Release|Any CPU
		{82F6BB4A-AA31-4756-A99B-1BEF47CCA6DC}.Release|x64.ActiveCfg = Release|Any CPU
		{82F6BB4A-AA31-4756-A99B-1BEF47CCA6DC}.Release|x64.Build.0 = Release|Any CPU
		{82F6BB4A-AA31-4756-A99B-1BEF47CCA6DC}.Release|x86.ActiveCfg = Release|Any CPU
		{82F6BB4A-AA31-4756-A99B-1BEF47CCA6DC}.Release|x86.Build.0 = Release|Any CPU
		{0B1D0781-AD81-4708-8AA9-B51E62D9F9FA}.Debug|Any CPU.ActiveCfg = Debug|Any CPU
		{0B1D0781-AD81-4708-8AA9-B51E62D9F9FA}.Debug|Any CPU.Build.0 = Debug|Any CPU
		{0B1D0781-AD81-4708-8AA9-B51E62D9F9FA}.Debug|x64.ActiveCfg = Debug|Any CPU
		{0B1D0781-AD81-4708-8AA9-B51E62D9F9FA}.Debug|x64.Build.0 = Debug|Any CPU
		{0B1D0781-AD81-4708-8AA9-B51E62D9F9FA}.Debug|x86.ActiveCfg = Debug|Any CPU
		{0B1D0781-AD81-4708-8AA9-B51E62D9F9FA}.Debug|x86.Build.0 = Debug|Any CPU
		{0B1D0781-AD81-4708-8AA9-B51E62D9F9FA}.Release|Any CPU.ActiveCfg = Release|Any CPU
		{0B1D0781-AD81-4708-8AA9-B51E62D9F9FA}.Release|Any CPU.Build.0 = Release|Any CPU
		{0B1D0781-AD81-4708-8AA9-B51E62D9F9FA}.Release|x64.ActiveCfg = Release|Any CPU
		{0B1D0781-AD81-4708-8AA9-B51E62D9F9FA}.Release|x64.Build.0 = Release|Any CPU
		{0B1D0781-AD81-4708-8AA9-B51E62D9F9FA}.Release|x86.ActiveCfg = Release|Any CPU
		{0B1D0781-AD81-4708-8AA9-B51E62D9F9FA}.Release|x86.Build.0 = Release|Any CPU
		{3875ABB8-8930-43DA-B21E-4641BB832D92}.Debug|Any CPU.ActiveCfg = Debug|Any CPU
		{3875ABB8-8930-43DA-B21E-4641BB832D92}.Debug|Any CPU.Build.0 = Debug|Any CPU
		{3875ABB8-8930-43DA-B21E-4641BB832D92}.Debug|x64.ActiveCfg = Debug|Any CPU
		{3875ABB8-8930-43DA-B21E-4641BB832D92}.Debug|x64.Build.0 = Debug|Any CPU
		{3875ABB8-8930-43DA-B21E-4641BB832D92}.Debug|x86.ActiveCfg = Debug|Any CPU
		{3875ABB8-8930-43DA-B21E-4641BB832D92}.Debug|x86.Build.0 = Debug|Any CPU
		{3875ABB8-8930-43DA-B21E-4641BB832D92}.Release|Any CPU.ActiveCfg = Release|Any CPU
		{3875ABB8-8930-43DA-B21E-4641BB832D92}.Release|Any CPU.Build.0 = Release|Any CPU
		{3875ABB8-8930-43DA-B21E-4641BB832D92}.Release|x64.ActiveCfg = Release|Any CPU
		{3875ABB8-8930-43DA-B21E-4641BB832D92}.Release|x64.Build.0 = Release|Any CPU
		{3875ABB8-8930-43DA-B21E-4641BB832D92}.Release|x86.ActiveCfg = Release|Any CPU
		{3875ABB8-8930-43DA-B21E-4641BB832D92}.Release|x86.Build.0 = Release|Any CPU
		{91786C93-7E77-4B87-B3FE-25E408003E68}.Debug|Any CPU.ActiveCfg = Debug|Any CPU
		{91786C93-7E77-4B87-B3FE-25E408003E68}.Debug|Any CPU.Build.0 = Debug|Any CPU
		{91786C93-7E77-4B87-B3FE-25E408003E68}.Debug|x64.ActiveCfg = Debug|Any CPU
		{91786C93-7E77-4B87-B3FE-25E408003E68}.Debug|x64.Build.0 = Debug|Any CPU
		{91786C93-7E77-4B87-B3FE-25E408003E68}.Debug|x86.ActiveCfg = Debug|Any CPU
		{91786C93-7E77-4B87-B3FE-25E408003E68}.Debug|x86.Build.0 = Debug|Any CPU
		{91786C93-7E77-4B87-B3FE-25E408003E68}.Release|Any CPU.ActiveCfg = Release|Any CPU
		{91786C93-7E77-4B87-B3FE-25E408003E68}.Release|Any CPU.Build.0 = Release|Any CPU
		{91786C93-7E77-4B87-B3FE-25E408003E68}.Release|x64.ActiveCfg = Release|Any CPU
		{91786C93-7E77-4B87-B3FE-25E408003E68}.Release|x64.Build.0 = Release|Any CPU
		{91786C93-7E77-4B87-B3FE-25E408003E68}.Release|x86.ActiveCfg = Release|Any CPU
		{91786C93-7E77-4B87-B3FE-25E408003E68}.Release|x86.Build.0 = Release|Any CPU
		{D5C8AD10-17F2-4613-B104-07C7D180D814}.Debug|Any CPU.ActiveCfg = Debug|Any CPU
		{D5C8AD10-17F2-4613-B104-07C7D180D814}.Debug|Any CPU.Build.0 = Debug|Any CPU
		{D5C8AD10-17F2-4613-B104-07C7D180D814}.Debug|x64.ActiveCfg = Debug|Any CPU
		{D5C8AD10-17F2-4613-B104-07C7D180D814}.Debug|x64.Build.0 = Debug|Any CPU
		{D5C8AD10-17F2-4613-B104-07C7D180D814}.Debug|x86.ActiveCfg = Debug|Any CPU
		{D5C8AD10-17F2-4613-B104-07C7D180D814}.Debug|x86.Build.0 = Debug|Any CPU
		{D5C8AD10-17F2-4613-B104-07C7D180D814}.Release|Any CPU.ActiveCfg = Release|Any CPU
		{D5C8AD10-17F2-4613-B104-07C7D180D814}.Release|Any CPU.Build.0 = Release|Any CPU
		{D5C8AD10-17F2-4613-B104-07C7D180D814}.Release|x64.ActiveCfg = Release|Any CPU
		{D5C8AD10-17F2-4613-B104-07C7D180D814}.Release|x64.Build.0 = Release|Any CPU
		{D5C8AD10-17F2-4613-B104-07C7D180D814}.Release|x86.ActiveCfg = Release|Any CPU
		{D5C8AD10-17F2-4613-B104-07C7D180D814}.Release|x86.Build.0 = Release|Any CPU
		{5BDA2302-5255-4ACE-A5DB-0611E6912783}.Debug|Any CPU.ActiveCfg = Debug|Any CPU
		{5BDA2302-5255-4ACE-A5DB-0611E6912783}.Debug|Any CPU.Build.0 = Debug|Any CPU
		{5BDA2302-5255-4ACE-A5DB-0611E6912783}.Debug|x64.ActiveCfg = Debug|Any CPU
		{5BDA2302-5255-4ACE-A5DB-0611E6912783}.Debug|x64.Build.0 = Debug|Any CPU
		{5BDA2302-5255-4ACE-A5DB-0611E6912783}.Debug|x86.ActiveCfg = Debug|Any CPU
		{5BDA2302-5255-4ACE-A5DB-0611E6912783}.Debug|x86.Build.0 = Debug|Any CPU
		{5BDA2302-5255-4ACE-A5DB-0611E6912783}.Release|Any CPU.ActiveCfg = Release|Any CPU
		{5BDA2302-5255-4ACE-A5DB-0611E6912783}.Release|Any CPU.Build.0 = Release|Any CPU
		{5BDA2302-5255-4ACE-A5DB-0611E6912783}.Release|x64.ActiveCfg = Release|Any CPU
		{5BDA2302-5255-4ACE-A5DB-0611E6912783}.Release|x64.Build.0 = Release|Any CPU
		{5BDA2302-5255-4ACE-A5DB-0611E6912783}.Release|x86.ActiveCfg = Release|Any CPU
		{5BDA2302-5255-4ACE-A5DB-0611E6912783}.Release|x86.Build.0 = Release|Any CPU
		{D7F437A6-E31E-42E2-B6A5-B5C2648B6E0D}.Debug|Any CPU.ActiveCfg = Debug|Any CPU
		{D7F437A6-E31E-42E2-B6A5-B5C2648B6E0D}.Debug|Any CPU.Build.0 = Debug|Any CPU
		{D7F437A6-E31E-42E2-B6A5-B5C2648B6E0D}.Debug|x64.ActiveCfg = Debug|Any CPU
		{D7F437A6-E31E-42E2-B6A5-B5C2648B6E0D}.Debug|x64.Build.0 = Debug|Any CPU
		{D7F437A6-E31E-42E2-B6A5-B5C2648B6E0D}.Debug|x86.ActiveCfg = Debug|Any CPU
		{D7F437A6-E31E-42E2-B6A5-B5C2648B6E0D}.Debug|x86.Build.0 = Debug|Any CPU
		{D7F437A6-E31E-42E2-B6A5-B5C2648B6E0D}.Release|Any CPU.ActiveCfg = Release|Any CPU
		{D7F437A6-E31E-42E2-B6A5-B5C2648B6E0D}.Release|Any CPU.Build.0 = Release|Any CPU
		{D7F437A6-E31E-42E2-B6A5-B5C2648B6E0D}.Release|x64.ActiveCfg = Release|Any CPU
		{D7F437A6-E31E-42E2-B6A5-B5C2648B6E0D}.Release|x64.Build.0 = Release|Any CPU
		{D7F437A6-E31E-42E2-B6A5-B5C2648B6E0D}.Release|x86.ActiveCfg = Release|Any CPU
		{D7F437A6-E31E-42E2-B6A5-B5C2648B6E0D}.Release|x86.Build.0 = Release|Any CPU
	EndGlobalSection
	GlobalSection(SolutionProperties) = preSolution
		HideSolutionNode = FALSE
	EndGlobalSection
	GlobalSection(NestedProjects) = preSolution
		{3F381290-C6DA-5C11-55A8-8EEB96AE898E} = {02EA681E-C7D8-13C7-8484-4AC65E1B71E8}
		{75F06B28-2D8E-4D81-A4E2-EDD911007101} = {02EA681E-C7D8-13C7-8484-4AC65E1B71E8}
		{D1553D37-87BF-4C9B-B686-099ADD2EA4D3} = {02EA681E-C7D8-13C7-8484-4AC65E1B71E8}
		{59054E04-C7BB-3507-E566-AEB458A412D6} = {D1553D37-87BF-4C9B-B686-099ADD2EA4D3}
		{BE348EBD-AB52-4AF8-BF61-B3E05FDA76C5} = {02EA681E-C7D8-13C7-8484-4AC65E1B71E8}
		{C3BC6041-8739-698E-41AD-B130B50832B1} = {BE348EBD-AB52-4AF8-BF61-B3E05FDA76C5}
		{00F5B0CB-636B-4543-9D6B-DC75F6125A86} = {BE348EBD-AB52-4AF8-BF61-B3E05FDA76C5}
		{F4E92C39-63C0-0530-93D5-CB06F69C6B78} = {02EA681E-C7D8-13C7-8484-4AC65E1B71E8}
		{790016FC-E980-89ED-FB03-EEAA45452968} = {02EA681E-C7D8-13C7-8484-4AC65E1B71E8}
		{9E606C57-8959-FBDD-B970-C526A6D8DB41} = {75F06B28-2D8E-4D81-A4E2-EDD911007101}
		{D1434E05-37BE-4397-2CBD-0C52D3DB6D5B} = {1E21ED11-9D7C-4680-A679-743FD5CE4500}
		{62C9E1F2-D255-5A7E-EFBE-E9B036B4C65F} = {1E21ED11-9D7C-4680-A679-743FD5CE4500}
		{86EBEB28-0D2E-4495-A531-105EBCD0FDEE} = {1E21ED11-9D7C-4680-A679-743FD5CE4500}
		{A595291C-D5C9-427B-B25F-A64484C7B9A1} = {02EA681E-C7D8-13C7-8484-4AC65E1B71E8}
		{53CC1CDB-A620-DE5E-B9BE-E82CCB5A8EA5} = {A595291C-D5C9-427B-B25F-A64484C7B9A1}
		{AD1B5EA2-1A0E-4512-8B7C-72F246F1E56A} = {A595291C-D5C9-427B-B25F-A64484C7B9A1}
		{E1B2F3A4-5C6D-7E8F-9A0B-1C2D3E4F5A6B} = {A595291C-D5C9-427B-B25F-A64484C7B9A1}
		{E3C00D10-0089-D40D-B3F6-9D0C137C2B73} = {75F06B28-2D8E-4D81-A4E2-EDD911007101}
		{AFDFAC74-A222-86E6-32BC-8359EE2B9024} = {75F06B28-2D8E-4D81-A4E2-EDD911007101}
		{3B4C5D6E-7F8A-9B0C-1D2E-3F4A5B6C7D8E} = {75F06B28-2D8E-4D81-A4E2-EDD911007101}
		{15143932-2845-DB44-F19D-5AE9907FF3E9} = {D1553D37-87BF-4C9B-B686-099ADD2EA4D3}
		{2A3B4C5D-6E7F-8A9B-0C1D-2E3F4A5B6C7D} = {D1553D37-87BF-4C9B-B686-099ADD2EA4D3}
		{87621898-FA97-1F45-D69A-2FA6EC9E11B2} = {75F06B28-2D8E-4D81-A4E2-EDD911007101}
		{AE224442-1316-4F39-862D-BD1AC54DC88A} = {1E21ED11-9D7C-4680-A679-743FD5CE4500}
		{8404A873-F91E-AF71-6AA9-17DA7F057CA5} = {AE224442-1316-4F39-862D-BD1AC54DC88A}
		{948163C3-35DB-2E02-571A-20EF5600B28F} = {AE224442-1316-4F39-862D-BD1AC54DC88A}
		{D601A0F5-6C80-4D8E-BD3A-B2D2F429FE66} = {1E21ED11-9D7C-4680-A679-743FD5CE4500}
		{033AE17C-03ED-2064-7387-0C165E759803} = {1E21ED11-9D7C-4680-A679-743FD5CE4500}
		{DBF735BC-7A25-431F-8F71-AECF4444B666} = {033AE17C-03ED-2064-7387-0C165E759803}
		{C4C8E9FD-034C-44BC-86F6-0F328FACAAE3} = {033AE17C-03ED-2064-7387-0C165E759803}
		{82F6BB4A-AA31-4756-A99B-1BEF47CCA6DC} = {033AE17C-03ED-2064-7387-0C165E759803}
		{0B1D0781-AD81-4708-8AA9-B51E62D9F9FA} = {1E21ED11-9D7C-4680-A679-743FD5CE4500}
		{13E6BCF5-A7B7-4B09-420E-754C79266DF3} = {02EA681E-C7D8-13C7-8484-4AC65E1B71E8}
		{3875ABB8-8930-43DA-B21E-4641BB832D92} = {13E6BCF5-A7B7-4B09-420E-754C79266DF3}
		{357B035A-A5EE-0E98-39AF-71324BEF1D16} = {02EA681E-C7D8-13C7-8484-4AC65E1B71E8}
		{91786C93-7E77-4B87-B3FE-25E408003E68} = {357B035A-A5EE-0E98-39AF-71324BEF1D16}
		{145A08EF-5B14-679C-6D72-6B6587226D1C} = {02EA681E-C7D8-13C7-8484-4AC65E1B71E8}
		{D5C8AD10-17F2-4613-B104-07C7D180D814} = {145A08EF-5B14-679C-6D72-6B6587226D1C}
		{5BDA2302-5255-4ACE-A5DB-0611E6912783} = {145A08EF-5B14-679C-6D72-6B6587226D1C}
		{BF053AF2-7154-5C6A-45B1-668C79AD0BD1} = {02EA681E-C7D8-13C7-8484-4AC65E1B71E8}
		{D7F437A6-E31E-42E2-B6A5-B5C2648B6E0D} = {BF053AF2-7154-5C6A-45B1-668C79AD0BD1}
	EndGlobalSection
EndGlobal
